
Microsoft Visual Studio Solution File, Format Version 12.00
# Visual Studio 15
VisualStudioVersion = 15.0.27703.2026
MinimumVisualStudioVersion = 10.0.40219.1
Project("{9A19103F-16F7-4668-BE54-9A1E7A4F7556}") = "EssentialLegalzoomEventDocumentManagment", "EssentialLegalzoomEventDocumentManagment\EssentialLegalzoomEventDocumentManagment.csproj", "{59012A47-2B54-40E9-877A-05F0074B729E}"
EndProject
Global
	GlobalSection(SolutionConfigurationPlatforms) = preSolution
		Debug|Any CPU = Debug|Any CPU
		Release|Any CPU = Release|Any CPU
	EndGlobalSection
	GlobalSection(ProjectConfigurationPlatforms) = postSolution
		{59012A47-2B54-40E9-877A-05F0074B729E}.Debug|Any CPU.ActiveCfg = Debug|Any CPU
		{59012A47-2B54-40E9-877A-05F0074B729E}.Debug|Any CPU.Build.0 = Debug|Any CPU
		{59012A47-2B54-40E9-877A-05F0074B729E}.Release|Any CPU.ActiveCfg = Release|Any CPU
		{59012A47-2B54-40E9-877A-05F0074B729E}.Release|Any CPU.Build.0 = Release|Any CPU
	EndGlobalSection
	GlobalSection(SolutionProperties) = preSolution
		HideSolutionNode = FALSE
	EndGlobalSection
	GlobalSection(ExtensibilityGlobals) = postSolution
		SolutionGuid = {B1B49091-9CBB-48B9-951E-2CE0AE5C7FA4}
	EndGlobalSection
EndGlobal
